schema: '2.0'
stages:
  fetch:
    cmd: uv run python src/data/fetch_spin_data.py
    deps:
    - path: src/data/fetch_spin_data.py
      hash: md5
      md5: bdc55bcdb2aebe198ef14a388b272aca
      size: 758
    params:
      params.yaml:
        fetch.url: https://spin3.sos112.si/javno/assets/data/lokacija.json
    outs:
    - path: data/raw/lokacija.json
      hash: md5
      md5: 3ed90af625890c70203ce2d1194dc03a
      size: 45899
  preprocess:
    cmd: uv run python src/data/process_spin_data.py
    deps:
    - path: data/raw/lokacija.json
      hash: md5
      md5: 3ed90af625890c70203ce2d1194dc03a
      size: 45899
    - path: src/data/process_spin_data.py
      hash: md5
      md5: 35b0258b72287b9fd266a4b9cc9f19fe
      size: 1396
    params:
      params.yaml:
        preprocess.station: all
    outs:
    - path: data/preprocessed/nesrece_v_cestnem_prometu.csv
      hash: md5
      md5: e430bc0401d57edb2da71a67dfadd564
      size: 15813
  fetch_vreme:
    cmd: uv run python src/data/obcina_vreme.py
    deps:
    - path: src/data/obcina_vreme.py
      hash: md5
      md5: 15a89a2d449adb15af4f6a037727ed50
      size: 5342
    params:
      params.yaml:
        fetch_vreme.horizon_hours: 48
        fetch_vreme.obcine_path: data/raw/obcine.json
        fetch_vreme.past_days: 30
        fetch_vreme.request_sleep: 0.2
        fetch_vreme.timezone: Europe/Ljubljana
        fetch_vreme.url: https://api.open-meteo.com/v1/forecast
    outs:
    - path: data/raw/obcina_vreme.csv
      hash: md5
      md5: f3943c240de1c4f78b2a7a52cb161662
      size: 20968335
  preprocess_vreme:
    cmd: uv run python src/data/process_obcina_vreme.py
    deps:
    - path: data/raw/obcina_vreme.csv
      hash: md5
      md5: f3943c240de1c4f78b2a7a52cb161662
      size: 20968335
    - path: src/data/process_obcina_vreme.py
      hash: md5
      md5: 16d8d9d17d9a9c1d5ed89bdd7c8a208e
      size: 1445
    params:
      params.yaml:
        preprocess_vreme.processed_path: 
          data/preprocessed/obcina_vreme_processed.csv
        preprocess_vreme.raw_path: data/raw/obcina_vreme.csv
    outs:
    - path: data/preprocessed/obcina_vreme_processed.csv
      hash: md5
      md5: f2d68ae4b00e292d7598f262edcb0a22
      size: 14743999
  validate_nesrece:
    cmd: "cd gx && uv run python run_checkpoint.py\n"
    deps:
    - path: data/preprocessed/nesrece_v_cestnem_prometu.csv
      hash: md5
      md5: e430bc0401d57edb2da71a67dfadd564
      size: 15813
    - path: gx/checkpoints/nesrece_checkpoint.yml
      hash: md5
      md5: a5b64045a9f1c64c06aac0cf85c69e07
      size: 754
    - path: gx/expectations/nesrece_suite.json
      hash: md5
      md5: bac598a4984d8951c43c3e6ef54b3db6
      size: 1636
    - path: gx/run_checkpoint.py
      hash: md5
      md5: 909bdf329f36a5df0d0eba54852df9d3
      size: 544
  validate_vreme:
    cmd: "cd gx && uv run python run_checkpoint_vreme.py\n"
    deps:
    - path: data/preprocessed/obcina_vreme_processed.csv
      hash: md5
      md5: f2d68ae4b00e292d7598f262edcb0a22
      size: 14743999
    - path: gx/checkpoints/vreme_checkpoint.yml
      hash: md5
      md5: 258afd18a74b9509af3bc5f929662c3b
      size: 746
    - path: gx/expectations/vreme_suite.json
      hash: md5
      md5: a7dadc29f11b19bf23ad0ac512411bb4
      size: 5294
    - path: gx/run_checkpoint_vreme.py
      hash: md5
      md5: 2d959403a4b8ea9b8e890f20d92310f3
      size: 1898
  test_nesrece_data:
    cmd: uv run python src/data/test_nesrece_data.py
    deps:
    - path: data/preprocessed/nesrece_v_cestnem_prometu.csv
      hash: md5
      md5: e430bc0401d57edb2da71a67dfadd564
      size: 15813
    - path: src/data/test_nesrece_data.py
      hash: md5
      md5: bdcf5fb0b520491f33a6425ca3daf415
      size: 2440
    outs:
    - path: data/reference/nesrece_v_cestnem_prometu.csv
      hash: md5
      md5: 4f56752243a9edf433346e5c2aa47f55
      size: 19819
    - path: reports/nesrece_data_testing_report.html
      hash: md5
      md5: cfe9ab35770a9fab24cba4dd205a38d5
      size: 3839340
  train_nesrece:
    cmd: "uv run python src/models/train.py\ngit commit -am \"Updated nesrece model
      on $(date)\" || true\ngit push || true\ndvc push || true\n"
    deps:
    - path: data/preprocessed/nesrece_v_cestnem_prometu.csv
      hash: md5
      md5: fd5b21fb2db05a6ee22ed3d3450fddfc
      size: 14604
    - path: data/preprocessed/obcina_vreme_processed.csv
      hash: md5
      md5: 357e1a622352a9b705ebd3e74fdc980d
      size: 13831681
    - path: data/reference/nesrece_v_cestnem_prometu.csv
      hash: md5
      md5: e75615462042703865eb99360228d620
      size: 18356
    - path: src/models/preprocess.py
      hash: md5
      md5: cc2798049cd693a1a2a790d8052558f4
      size: 3084
    - path: src/models/train.py
      hash: md5
      md5: 1ccc16c87eba4fd26126fd8501fd4b32
      size: 9779
    params:
      params.yaml:
        train_nesrece.nesrece_path: 
          data/preprocessed/nesrece_v_cestnem_prometu.csv
        train_nesrece.random_state: 42
        train_nesrece.test_size: 500
        train_nesrece.vreme_path: data/preprocessed/obcina_vreme_processed.csv
        train_nesrece.window_size: 24
    outs:
    - path: models/merger_nesrece.pkl
      hash: md5
      md5: 5fec91070d142bd97c5f17dda92fbaaa
      size: 79
    - path: models/model_nesrece.pkl
      hash: md5
      md5: 2bd618bc81d313ce2feb8ba3b75d1bc1
      size: 408766
    - path: models/pipeline_nesrece.pkl
      hash: md5
      md5: d29495544ed3f152216137a82f8ed219
      size: 3834
    - path: models/shap_per_obcina.json
      hash: md5
      md5: 461d0066c693c312b71133141621c564
      size: 38367
    - path: models/shap_values.npz
      hash: md5
      md5: 069af4a79ed7fab07bc61b44b884b383
      size: 74046
  predict_nesrece:
    cmd: uv run python src/models/predict.py
    deps:
    - path: data/preprocessed/nesrece_v_cestnem_prometu.csv
      hash: md5
      md5: 9a5517a4a4a3f66c143039dabfef5360
      size: 13594
    - path: data/preprocessed/obcina_vreme_processed.csv
      hash: md5
      md5: 567bb5911400f651c4355c508e9bc7d7
      size: 520210
    - path: models/model_nesrece.keras
      hash: md5
      md5: 8041c6b2b713c4a7514f40bf101dcc47
      size: 449809
    - path: models/pipeline_nesrece.pkl
      hash: md5
      md5: 5cac886eadbec81a9ec64410a3f47c4d
      size: 3834
    - path: src/models/predict.py
      hash: md5
      md5: 9e284c28976f0fcd79ceae3418fd82a5
      size: 4381
    - path: src/models/preprocess.py
      hash: md5
      md5: 47697d65230374e069b7f460255b42af
      size: 3356
    outs:
    - path: data/predictions/hourly.json
      hash: md5
      md5: 865d419e26df2e88bc05e6233c7fe708
      size: 33750
    - path: data/predictions/today.json
      hash: md5
      md5: 0d9f507f6c03eb306b68f8067dd689e5
      size: 2543
