schema: '2.0'
stages:
  fetch:
    cmd: uv run python src/data/fetch_spin_data.py
    deps:
    - path: src/data/fetch_spin_data.py
      hash: md5
      md5: bdc55bcdb2aebe198ef14a388b272aca
      size: 758
    params:
      params.yaml:
        fetch.url: https://spin3.sos112.si/javno/assets/data/lokacija.json
    outs:
    - path: data/raw/lokacija.json
      hash: md5
      md5: 43b98d7dbbe1f67a6db78673fbadb93f
      size: 20771
  preprocess:
    cmd: uv run python src/data/process_spin_data.py
    deps:
    - path: data/raw/lokacija.json
      hash: md5
      md5: 43b98d7dbbe1f67a6db78673fbadb93f
      size: 20771
    - path: src/data/process_spin_data.py
      hash: md5
      md5: b2f5bbc7056ffac04c8e610cabad52a4
      size: 1386
    params:
      params.yaml:
        preprocess.station: all
    outs:
    - path: data/preprocessed/nesrece_v_cestnem_prometu.csv
      hash: md5
      md5: 53769e6963c7759cd933b017f8c8eb0b
      size: 414
  fetch_vreme:
    cmd: uv run python src/data/obcina_vreme.py
    deps:
    - path: src/data/obcina_vreme.py
      hash: md5
      md5: 7d1a241d29a93818b8358113a2bdfd40
      size: 6676
    params:
      params.yaml:
        fetch_vreme.days_back: 2
        fetch_vreme.obcine_path: data/raw/obcine.json
        fetch_vreme.request_sleep: 0.2
        fetch_vreme.url: https://archive-api.open-meteo.com/v1/archive
    outs:
    - path: data/raw/obcina_vreme.csv
      hash: md5
      md5: 88f457439e90cef2a6fcea32498d0f7a
      size: 36644
  preprocess_vreme:
    cmd: uv run python src/data/process_obcina_vreme.py
    deps:
    - path: data/raw/obcina_vreme.csv
      hash: md5
      md5: 88f457439e90cef2a6fcea32498d0f7a
      size: 36644
    - path: src/data/process_obcina_vreme.py
      hash: md5
      md5: 52a5e40fb1f5778a66e873cb2041dab1
      size: 1308
    params:
      params.yaml:
        preprocess_vreme.processed_path: 
          data/preprocessed/obcina_vreme_processed.csv
        preprocess_vreme.raw_path: data/raw/obcina_vreme.csv
    outs:
    - path: data/preprocessed/obcina_vreme_processed.csv
      hash: md5
      md5: 40a8331b96df51a168d83ab4b3fc718f
      size: 31618
