schema: '2.0'
stages:
  fetch:
    cmd: uv run python src/data/fetch_spin_data.py
    deps:
    - path: src/data/fetch_spin_data.py
      hash: md5
      md5: bdc55bcdb2aebe198ef14a388b272aca
      size: 758
    params:
      params.yaml:
        fetch.url: https://spin3.sos112.si/javno/assets/data/lokacija.json
    outs:
    - path: data/raw/lokacija.json
      hash: md5
      md5: 95c8cd5b93904baf6f472fe90cb55505
      size: 41843
  preprocess:
    cmd: uv run python src/data/process_spin_data.py
    deps:
    - path: data/raw/lokacija.json
      hash: md5
      md5: 95c8cd5b93904baf6f472fe90cb55505
      size: 41843
    - path: src/data/process_spin_data.py
      hash: md5
      md5: 35b0258b72287b9fd266a4b9cc9f19fe
      size: 1396
    params:
      params.yaml:
        preprocess.station: all
    outs:
    - path: data/preprocessed/nesrece_v_cestnem_prometu.csv
      hash: md5
      md5: e19c433b176f084c015debfb7d5ca4d4
      size: 13170
  fetch_vreme:
    cmd: uv run python src/data/obcina_vreme.py
    deps:
    - path: src/data/obcina_vreme.py
      hash: md5
      md5: 7d1a241d29a93818b8358113a2bdfd40
      size: 6676
    params:
      params.yaml:
        fetch_vreme.days_back: 2
        fetch_vreme.obcine_path: data/raw/obcine.json
        fetch_vreme.request_sleep: 0.2
        fetch_vreme.url: https://archive-api.open-meteo.com/v1/archive
    outs:
    - path: data/raw/obcina_vreme.csv
      hash: md5
      md5: 62ee9e5ac2aa8a9ee8f90fcba915ecf7
      size: 36263
  preprocess_vreme:
    cmd: uv run python src/data/process_obcina_vreme.py
    deps:
    - path: data/raw/obcina_vreme.csv
      hash: md5
      md5: 62ee9e5ac2aa8a9ee8f90fcba915ecf7
      size: 36263
    - path: src/data/process_obcina_vreme.py
      hash: md5
      md5: 5b8ef2df0c8dde020b862116514b4ba8
      size: 1339
    params:
      params.yaml:
        preprocess_vreme.processed_path: 
          data/preprocessed/obcina_vreme_processed.csv
        preprocess_vreme.raw_path: data/raw/obcina_vreme.csv
    outs:
    - path: data/preprocessed/obcina_vreme_processed.csv
      hash: md5
      md5: d7935dc4e034c6209ef206d7607df0d2
      size: 504333
  validate_nesrece:
    cmd: "cd gx && uv run python run_checkpoint.py\n"
    deps:
    - path: data/preprocessed/nesrece_v_cestnem_prometu.csv
      hash: md5
      md5: 36779b231f654ff7c8516fefffb821a6
      size: 12374
    - path: gx/checkpoints/nesrece_checkpoint.yml
      hash: md5
      md5: a5b64045a9f1c64c06aac0cf85c69e07
      size: 754
    - path: gx/expectations/nesrece_suite.json
      hash: md5
      md5: bac598a4984d8951c43c3e6ef54b3db6
      size: 1636
    - path: gx/run_checkpoint.py
      hash: md5
      md5: 909bdf329f36a5df0d0eba54852df9d3
      size: 544
  validate_vreme:
    cmd: "cd gx && uv run python run_checkpoint_vreme.py\n"
    deps:
    - path: data/preprocessed/obcina_vreme_processed.csv
      hash: md5
      md5: a82c9d1efbf0dcef63a9c40d83d9c851
      size: 488336
    - path: gx/checkpoints/vreme_checkpoint.yml
      hash: md5
      md5: 258afd18a74b9509af3bc5f929662c3b
      size: 746
    - path: gx/expectations/vreme_suite.json
      hash: md5
      md5: a7dadc29f11b19bf23ad0ac512411bb4
      size: 5294
    - path: gx/run_checkpoint_vreme.py
      hash: md5
      md5: 71ee3883a07653823b77b77ace683883
      size: 536
  test_nesrece_data:
    cmd: uv run python src/data/test_nesrece_data.py
    deps:
    - path: data/preprocessed/nesrece_v_cestnem_prometu.csv
      hash: md5
      md5: e19c433b176f084c015debfb7d5ca4d4
      size: 13170
    - path: src/data/test_nesrece_data.py
      hash: md5
      md5: 3df4c6879a3323709fa33f3c2e75ba09
      size: 2309
    outs:
    - path: data/reference/nesrece_v_cestnem_prometu.csv
      hash: md5
      md5: 55699e09fede3ff563342ebf718b34c8
      size: 13167
    - path: reports/nesrece_data_testing_report.html
      hash: md5
      md5: 8cd43c6317073bde7b4dc90d1e248618
      size: 3876034
  train_nesrece:
    cmd: "uv run python src/models/train.py\ngit commit -am \"Updated nesrece model
      on $(date)\" || true\ngit push || true\ndvc push || true\n"
    deps:
    - path: data/preprocessed/nesrece_v_cestnem_prometu.csv
      hash: md5
      md5: 36779b231f654ff7c8516fefffb821a6
      size: 12374
    - path: data/preprocessed/obcina_vreme_processed.csv
      hash: md5
      md5: a82c9d1efbf0dcef63a9c40d83d9c851
      size: 488336
    - path: data/reference/nesrece_v_cestnem_prometu.csv
      hash: md5
      md5: 291249095c1499910a94b979a0396249
      size: 12371
    - path: src/models/preprocess.py
      hash: md5
      md5: ce94f32b6e5890dfa205c3bae776ce8e
      size: 2891
    - path: src/models/train.py
      hash: md5
      md5: 89ec17067a5ed5c7a388c23d95d679a1
      size: 13564
    params:
      params.yaml:
        train_nesrece.nesrece_path: 
          data/preprocessed/nesrece_v_cestnem_prometu.csv
        train_nesrece.random_state: 42
        train_nesrece.test_size: 60
        train_nesrece.vreme_path: data/preprocessed/obcina_vreme_processed.csv
        train_nesrece.window_size: 7
    outs:
    - path: models/merger_nesrece.pkl
      hash: md5
      md5: 5fec91070d142bd97c5f17dda92fbaaa
      size: 79
    - path: models/model_nesrece.keras
      hash: md5
      md5: f312cfa8ff4a993fbd1a2cda1f4354e3
      size: 452882
    - path: models/pipeline_nesrece.pkl
      hash: md5
      md5: 107de38477f58468ba9f72fae785a17d
      size: 3746
